
Microsoft Visual Studio Solution File, Format Version 12.00
Project("{FAE04EC0-301F-11D3-BF4B-00C04F79EFBC}") = "csharp-code-test-tests", "csharp-code-test-tests\csharp-code-test-tests.csproj", "{2AC0905C-1144-4638-AA66-188D2F610383}"
EndProject
Project("{FAE04EC0-301F-11D3-BF4B-00C04F79EFBC}") = "csharp-code-test", "csharp-code-test\csharp-code-test.csproj", "{9F13CEEC-3B49-4BD2-979C-213DD3069AA2}"
EndProject
Global
	GlobalSection(SolutionConfigurationPlatforms) = preSolution
		Debug|Any CPU = Debug|Any CPU
		Release|Any CPU = Release|Any CPU
	EndGlobalSection
	GlobalSection(ProjectConfigurationPlatforms) = postSolution
		{2AC0905C-1144-4638-AA66-188D2F610383}.Debug|Any CPU.ActiveCfg = Debug|Any CPU
		{2AC0905C-1144-4638-AA66-188D2F610383}.Debug|Any CPU.Build.0 = Debug|Any CPU
		{2AC0905C-1144-4638-AA66-188D2F610383}.Release|Any CPU.ActiveCfg = Release|Any CPU
		{2AC0905C-1144-4638-AA66-188D2F610383}.Release|Any CPU.Build.0 = Release|Any CPU
		{9F13CEEC-3B49-4BD2-979C-213DD3069AA2}.Debug|Any CPU.ActiveCfg = Debug|Any CPU
		{9F13CEEC-3B49-4BD2-979C-213DD3069AA2}.Debug|Any CPU.Build.0 = Debug|Any CPU
		{9F13CEEC-3B49-4BD2-979C-213DD3069AA2}.Release|Any CPU.ActiveCfg = Release|Any CPU
		{9F13CEEC-3B49-4BD2-979C-213DD3069AA2}.Release|Any CPU.Build.0 = Release|Any CPU
	EndGlobalSection
	GlobalSection(SolutionProperties) = preSolution
		HideSolutionNode = FALSE
	EndGlobalSection
EndGlobal
